
Microsoft Visual Studio Solution File, Format Version 12.00
# Visual Studio 15
VisualStudioVersion = 15.0.28010.2036
MinimumVisualStudioVersion = 10.0.40219.1
Project("{8BC9CEB8-8B4A-11D0-8D11-00A0C91BC942}") = "48-运算符重载（String）", "48-运算符重载（String）\48-运算符重载（String）.vcxproj", "{9A60D799-6971-4647-951A-1FE749F0B614}"
EndProject
Global
	GlobalSection(SolutionConfigurationPlatforms) = preSolution
		Debug|x64 = Debug|x64
		Debug|x86 = Debug|x86
		Release|x64 = Release|x64
		Release|x86 = Release|x86
	EndGlobalSection
	GlobalSection(ProjectConfigurationPlatforms) = postSolution
		{9A60D799-6971-4647-951A-1FE749F0B614}.Debug|x64.ActiveCfg = Debug|x64
		{9A60D799-6971-4647-951A-1FE749F0B614}.Debug|x64.Build.0 = Debug|x64
		{9A60D799-6971-4647-951A-1FE749F0B614}.Debug|x86.ActiveCfg = Debug|Win32
		{9A60D799-6971-4647-951A-1FE749F0B614}.Debug|x86.Build.0 = Debug|Win32
		{9A60D799-6971-4647-951A-1FE749F0B614}.Release|x64.ActiveCfg = Release|x64
		{9A60D799-6971-4647-951A-1FE749F0B614}.Release|x64.Build.0 = Release|x64
		{9A60D799-6971-4647-951A-1FE749F0B614}.Release|x86.ActiveCfg = Release|Win32
		{9A60D799-6971-4647-951A-1FE749F0B614}.Release|x86.Build.0 = Release|Win32
	EndGlobalSection
	GlobalSection(SolutionProperties) = preSolution
		HideSolutionNode = FALSE
	EndGlobalSection
	GlobalSection(ExtensibilityGlobals) = postSolution
		SolutionGuid = {1344A9C0-C490-4F0F-BE92-AF4B16C89D5F}
	EndGlobalSection
EndGlobal
