
Microsoft Visual Studio Solution File, Format Version 12.00
# Visual Studio 15
VisualStudioVersion = 15.0.28010.2036
MinimumVisualStudioVersion = 10.0.40219.1
Project("{8BC9CEB8-8B4A-11D0-8D11-00A0C91BC942}") = "34-多继承的应用", "34-多继承的应用\34-多继承的应用.vcxproj", "{8D64D9A3-EAF1-45DC-8895-0074405724AC}"
EndProject
Global
	GlobalSection(SolutionConfigurationPlatforms) = preSolution
		Debug|x64 = Debug|x64
		Debug|x86 = Debug|x86
		Release|x64 = Release|x64
		Release|x86 = Release|x86
	EndGlobalSection
	GlobalSection(ProjectConfigurationPlatforms) = postSolution
		{8D64D9A3-EAF1-45DC-8895-0074405724AC}.Debug|x64.ActiveCfg = Debug|x64
		{8D64D9A3-EAF1-45DC-8895-0074405724AC}.Debug|x64.Build.0 = Debug|x64
		{8D64D9A3-EAF1-45DC-8895-0074405724AC}.Debug|x86.ActiveCfg = Debug|Win32
		{8D64D9A3-EAF1-45DC-8895-0074405724AC}.Debug|x86.Build.0 = Debug|Win32
		{8D64D9A3-EAF1-45DC-8895-0074405724AC}.Release|x64.ActiveCfg = Release|x64
		{8D64D9A3-EAF1-45DC-8895-0074405724AC}.Release|x64.Build.0 = Release|x64
		{8D64D9A3-EAF1-45DC-8895-0074405724AC}.Release|x86.ActiveCfg = Release|Win32
		{8D64D9A3-EAF1-45DC-8895-0074405724AC}.Release|x86.Build.0 = Release|Win32
	EndGlobalSection
	GlobalSection(SolutionProperties) = preSolution
		HideSolutionNode = FALSE
	EndGlobalSection
	GlobalSection(ExtensibilityGlobals) = postSolution
		SolutionGuid = {21F606A1-11F1-4DA3-A25B-48221D66CC74}
	EndGlobalSection
EndGlobal
